
Microsoft Visual Studio Solution File, Format Version 12.00
# Visual Studio Version 17
VisualStudioVersion = 17.9.34622.214
MinimumVisualStudioVersion = 10.0.40219.1
Project("{9A19103F-16F7-4668-BE54-9A1E7A4F7556}") = "Orders.Backend", "Orders.Backend\Orders.Backend.csproj", "{30770237-9794-4F66-9771-480499E036E8}"
EndProject
Project("{9A19103F-16F7-4668-BE54-9A1E7A4F7556}") = "Orders.Frontend", "Orders.Frontend\Orders.Frontend.csproj", "{DD3AF967-20AE-4C75-97AD-94E55F5726A4}"
EndProject
Project("{9A19103F-16F7-4668-BE54-9A1E7A4F7556}") = "Orders.Shared", "Orders.Shared\Orders.Shared.csproj", "{2FC59B8C-1130-4451-A9EE-D4FE21D439B2}"
EndProject
Project("{9A19103F-16F7-4668-BE54-9A1E7A4F7556}") = "Orders.Tests", "Orders.Tests\Orders.Tests.csproj", "{D4C651B5-1AEB-41F2-AC9C-A820EA98F2CB}"
EndProject
Global
	GlobalSection(SolutionConfigurationPlatforms) = preSolution
		Debug|Any CPU = Debug|Any CPU
		Release|Any CPU = Release|Any CPU
	EndGlobalSection
	GlobalSection(ProjectConfigurationPlatforms) = postSolution
		{30770237-9794-4F66-9771-480499E036E8}.Debug|Any CPU.ActiveCfg = Debug|Any CPU
		{30770237-9794-4F66-9771-480499E036E8}.Debug|Any CPU.Build.0 = Debug|Any CPU
		{30770237-9794-4F66-9771-480499E036E8}.Release|Any CPU.ActiveCfg = Release|Any CPU
		{30770237-9794-4F66-9771-480499E036E8}.Release|Any CPU.Build.0 = Release|Any CPU
		{DD3AF967-20AE-4C75-97AD-94E55F5726A4}.Debug|Any CPU.ActiveCfg = Debug|Any CPU
		{DD3AF967-20AE-4C75-97AD-94E55F5726A4}.Debug|Any CPU.Build.0 = Debug|Any CPU
		{DD3AF967-20AE-4C75-97AD-94E55F5726A4}.Release|Any CPU.ActiveCfg = Release|Any CPU
		{DD3AF967-20AE-4C75-97AD-94E55F5726A4}.Release|Any CPU.Build.0 = Release|Any CPU
		{2FC59B8C-1130-4451-A9EE-D4FE21D439B2}.Debug|Any CPU.ActiveCfg = Debug|Any CPU
		{2FC59B8C-1130-4451-A9EE-D4FE21D439B2}.Debug|Any CPU.Build.0 = Debug|Any CPU
		{2FC59B8C-1130-4451-A9EE-D4FE21D439B2}.Release|Any CPU.ActiveCfg = Release|Any CPU
		{2FC59B8C-1130-4451-A9EE-D4FE21D439B2}.Release|Any CPU.Build.0 = Release|Any CPU
		{D4C651B5-1AEB-41F2-AC9C-A820EA98F2CB}.Debug|Any CPU.ActiveCfg = Debug|Any CPU
		{D4C651B5-1AEB-41F2-AC9C-A820EA98F2CB}.Debug|Any CPU.Build.0 = Debug|Any CPU
		{D4C651B5-1AEB-41F2-AC9C-A820EA98F2CB}.Release|Any CPU.ActiveCfg = Release|Any CPU
		{D4C651B5-1AEB-41F2-AC9C-A820EA98F2CB}.Release|Any CPU.Build.0 = Release|Any CPU
	EndGlobalSection
	GlobalSection(SolutionProperties) = preSolution
		HideSolutionNode = FALSE
	EndGlobalSection
	GlobalSection(ExtensibilityGlobals) = postSolution
		SolutionGuid = {100B66EC-D1AA-49BE-8C67-28C473C0C5C0}
	EndGlobalSection
EndGlobal
